
Microsoft Visual Studio Solution File, Format Version 12.00
# Visual Studio Version 16
VisualStudioVersion = 16.0.31424.327
MinimumVisualStudioVersion = 10.0.40219.1
Project("{FAE04EC0-301F-11D3-BF4B-00C04F79EFBC}") = "ExercicioFiles", "ExercicioFiles\ExercicioFiles.csproj", "{4F230FA1-8D5D-4E24-BB80-BE7ADC85FD8B}"
EndProject
Global
	GlobalSection(SolutionConfigurationPlatforms) = preSolution
		Debug|Any CPU = Debug|Any CPU
		Release|Any CPU = Release|Any CPU
	EndGlobalSection
	GlobalSection(ProjectConfigurationPlatforms) = postSolution
		{4F230FA1-8D5D-4E24-BB80-BE7ADC85FD8B}.Debug|Any CPU.ActiveCfg = Debug|Any CPU
		{4F230FA1-8D5D-4E24-BB80-BE7ADC85FD8B}.Debug|Any CPU.Build.0 = Debug|Any CPU
		{4F230FA1-8D5D-4E24-BB80-BE7ADC85FD8B}.Release|Any CPU.ActiveCfg = Release|Any CPU
		{4F230FA1-8D5D-4E24-BB80-BE7ADC85FD8B}.Release|Any CPU.Build.0 = Release|Any CPU
	EndGlobalSection
	GlobalSection(SolutionProperties) = preSolution
		HideSolutionNode = FALSE
	EndGlobalSection
	GlobalSection(ExtensibilityGlobals) = postSolution
		SolutionGuid = {3537DD85-EAD1-4483-94FD-A831307DD482}
	EndGlobalSection
EndGlobal
