
Microsoft Visual Studio Solution File, Format Version 12.00
# Visual Studio Version 16
VisualStudioVersion = 16.0.31321.278
MinimumVisualStudioVersion = 10.0.40219.1
Project("{FAE04EC0-301F-11D3-BF4B-00C04F79EFBC}") = "ExercicioHerancaPolimorfismo", "ExercicioHerancaPolimorfismo\ExercicioHerancaPolimorfismo.csproj", "{449B0ED8-2D25-4E8D-B8AB-7D632D6D654E}"
EndProject
Global
	GlobalSection(SolutionConfigurationPlatforms) = preSolution
		Debug|Any CPU = Debug|Any CPU
		Release|Any CPU = Release|Any CPU
	EndGlobalSection
	GlobalSection(ProjectConfigurationPlatforms) = postSolution
		{449B0ED8-2D25-4E8D-B8AB-7D632D6D654E}.Debug|Any CPU.ActiveCfg = Debug|Any CPU
		{449B0ED8-2D25-4E8D-B8AB-7D632D6D654E}.Debug|Any CPU.Build.0 = Debug|Any CPU
		{449B0ED8-2D25-4E8D-B8AB-7D632D6D654E}.Release|Any CPU.ActiveCfg = Release|Any CPU
		{449B0ED8-2D25-4E8D-B8AB-7D632D6D654E}.Release|Any CPU.Build.0 = Release|Any CPU
	EndGlobalSection
	GlobalSection(SolutionProperties) = preSolution
		HideSolutionNode = FALSE
	EndGlobalSection
	GlobalSection(ExtensibilityGlobals) = postSolution
		SolutionGuid = {CCAFCB1C-66FB-4CF9-9896-F4A999FA1D6B}
	EndGlobalSection
EndGlobal
