
Microsoft Visual Studio Solution File, Format Version 12.00
# Visual Studio Version 16
VisualStudioVersion = 16.0.31424.327
MinimumVisualStudioVersion = 10.0.40219.1
Project("{FAE04EC0-301F-11D3-BF4B-00C04F79EFBC}") = "ConjuntosExercicio2", "ConjuntosExercicio2\ConjuntosExercicio2.csproj", "{003A69DA-89BA-4A2A-A205-3AD3F6ECA4C6}"
EndProject
Global
	GlobalSection(SolutionConfigurationPlatforms) = preSolution
		Debug|Any CPU = Debug|Any CPU
		Release|Any CPU = Release|Any CPU
	EndGlobalSection
	GlobalSection(ProjectConfigurationPlatforms) = postSolution
		{003A69DA-89BA-4A2A-A205-3AD3F6ECA4C6}.Debug|Any CPU.ActiveCfg = Debug|Any CPU
		{003A69DA-89BA-4A2A-A205-3AD3F6ECA4C6}.Debug|Any CPU.Build.0 = Debug|Any CPU
		{003A69DA-89BA-4A2A-A205-3AD3F6ECA4C6}.Release|Any CPU.ActiveCfg = Release|Any CPU
		{003A69DA-89BA-4A2A-A205-3AD3F6ECA4C6}.Release|Any CPU.Build.0 = Release|Any CPU
	EndGlobalSection
	GlobalSection(SolutionProperties) = preSolution
		HideSolutionNode = FALSE
	EndGlobalSection
	GlobalSection(ExtensibilityGlobals) = postSolution
		SolutionGuid = {C5D8871D-475F-4D12-8B1E-6EC3EA84B5E3}
	EndGlobalSection
EndGlobal
