
Microsoft Visual Studio Solution File, Format Version 12.00
# Visual Studio Version 16
VisualStudioVersion = 16.0.31424.327
MinimumVisualStudioVersion = 10.0.40219.1
Project("{FAE04EC0-301F-11D3-BF4B-00C04F79EFBC}") = "Cap17Exercicio2", "Cap17Exercicio2\Cap17Exercicio2.csproj", "{529BE1C1-BDC2-41C4-AED3-777D9E8BB715}"
EndProject
Global
	GlobalSection(SolutionConfigurationPlatforms) = preSolution
		Debug|Any CPU = Debug|Any CPU
		Release|Any CPU = Release|Any CPU
	EndGlobalSection
	GlobalSection(ProjectConfigurationPlatforms) = postSolution
		{529BE1C1-BDC2-41C4-AED3-777D9E8BB715}.Debug|Any CPU.ActiveCfg = Debug|Any CPU
		{529BE1C1-BDC2-41C4-AED3-777D9E8BB715}.Debug|Any CPU.Build.0 = Debug|Any CPU
		{529BE1C1-BDC2-41C4-AED3-777D9E8BB715}.Release|Any CPU.ActiveCfg = Release|Any CPU
		{529BE1C1-BDC2-41C4-AED3-777D9E8BB715}.Release|Any CPU.Build.0 = Release|Any CPU
	EndGlobalSection
	GlobalSection(SolutionProperties) = preSolution
		HideSolutionNode = FALSE
	EndGlobalSection
	GlobalSection(ExtensibilityGlobals) = postSolution
		SolutionGuid = {5F2DADB1-DC1E-4DAF-9CB5-1519D0984DDE}
	EndGlobalSection
EndGlobal
