
Microsoft Visual Studio Solution File, Format Version 12.00
# Visual Studio Version 16
VisualStudioVersion = 16.0.31424.327
MinimumVisualStudioVersion = 10.0.40219.1
Project("{FAE04EC0-301F-11D3-BF4B-00C04F79EFBC}") = "Path_", "Path_\Path_.csproj", "{ADCBCF91-A725-4F79-87C3-82660ECB1733}"
EndProject
Global
	GlobalSection(SolutionConfigurationPlatforms) = preSolution
		Debug|Any CPU = Debug|Any CPU
		Release|Any CPU = Release|Any CPU
	EndGlobalSection
	GlobalSection(ProjectConfigurationPlatforms) = postSolution
		{ADCBCF91-A725-4F79-87C3-82660ECB1733}.Debug|Any CPU.ActiveCfg = Debug|Any CPU
		{ADCBCF91-A725-4F79-87C3-82660ECB1733}.Debug|Any CPU.Build.0 = Debug|Any CPU
		{ADCBCF91-A725-4F79-87C3-82660ECB1733}.Release|Any CPU.ActiveCfg = Release|Any CPU
		{ADCBCF91-A725-4F79-87C3-82660ECB1733}.Release|Any CPU.Build.0 = Release|Any CPU
	EndGlobalSection
	GlobalSection(SolutionProperties) = preSolution
		HideSolutionNode = FALSE
	EndGlobalSection
	GlobalSection(ExtensibilityGlobals) = postSolution
		SolutionGuid = {06ACF036-B248-4359-9685-35494CEEF951}
	EndGlobalSection
EndGlobal
