
Microsoft Visual Studio Solution File, Format Version 12.00
# Visual Studio Version 16
VisualStudioVersion = 16.0.31424.327
MinimumVisualStudioVersion = 10.0.40219.1
Project("{FAE04EC0-301F-11D3-BF4B-00C04F79EFBC}") = "HashSetSortedSet_1", "HashSetSortedSet_1\HashSetSortedSet_1.csproj", "{7284E829-69F2-4217-A27D-439F74D6E0DD}"
EndProject
Global
	GlobalSection(SolutionConfigurationPlatforms) = preSolution
		Debug|Any CPU = Debug|Any CPU
		Release|Any CPU = Release|Any CPU
	EndGlobalSection
	GlobalSection(ProjectConfigurationPlatforms) = postSolution
		{7284E829-69F2-4217-A27D-439F74D6E0DD}.Debug|Any CPU.ActiveCfg = Debug|Any CPU
		{7284E829-69F2-4217-A27D-439F74D6E0DD}.Debug|Any CPU.Build.0 = Debug|Any CPU
		{7284E829-69F2-4217-A27D-439F74D6E0DD}.Release|Any CPU.ActiveCfg = Release|Any CPU
		{7284E829-69F2-4217-A27D-439F74D6E0DD}.Release|Any CPU.Build.0 = Release|Any CPU
	EndGlobalSection
	GlobalSection(SolutionProperties) = preSolution
		HideSolutionNode = FALSE
	EndGlobalSection
	GlobalSection(ExtensibilityGlobals) = postSolution
		SolutionGuid = {8C53A5F6-10AD-4E85-A516-462C6EE9ECF0}
	EndGlobalSection
EndGlobal
