
Microsoft Visual Studio Solution File, Format Version 12.00
# Visual Studio Version 16
VisualStudioVersion = 16.0.31321.278
MinimumVisualStudioVersion = 10.0.40219.1
Project("{FAE04EC0-301F-11D3-BF4B-00C04F79EFBC}") = "ExercicioExcecoes2", "ExercicioExcecoes2\ExercicioExcecoes2.csproj", "{4F60F92D-02B2-4AA9-AB86-9AE48C04E972}"
EndProject
Global
	GlobalSection(SolutionConfigurationPlatforms) = preSolution
		Debug|Any CPU = Debug|Any CPU
		Release|Any CPU = Release|Any CPU
	EndGlobalSection
	GlobalSection(ProjectConfigurationPlatforms) = postSolution
		{4F60F92D-02B2-4AA9-AB86-9AE48C04E972}.Debug|Any CPU.ActiveCfg = Debug|Any CPU
		{4F60F92D-02B2-4AA9-AB86-9AE48C04E972}.Debug|Any CPU.Build.0 = Debug|Any CPU
		{4F60F92D-02B2-4AA9-AB86-9AE48C04E972}.Release|Any CPU.ActiveCfg = Release|Any CPU
		{4F60F92D-02B2-4AA9-AB86-9AE48C04E972}.Release|Any CPU.Build.0 = Release|Any CPU
	EndGlobalSection
	GlobalSection(SolutionProperties) = preSolution
		HideSolutionNode = FALSE
	EndGlobalSection
	GlobalSection(ExtensibilityGlobals) = postSolution
		SolutionGuid = {ADC1520A-1641-49FB-B928-D5B633F2DFF5}
	EndGlobalSection
EndGlobal
