
Microsoft Visual Studio Solution File, Format Version 12.00
# Visual Studio Version 16
VisualStudioVersion = 16.0.31321.278
MinimumVisualStudioVersion = 10.0.40219.1
Project("{FAE04EC0-301F-11D3-BF4B-00C04F79EFBC}") = "ClassesAbstratas", "ClassesAbstratas\ClassesAbstratas.csproj", "{40E72CB1-0A5A-4DAC-8F80-3E1A0CA60375}"
EndProject
Global
	GlobalSection(SolutionConfigurationPlatforms) = preSolution
		Debug|Any CPU = Debug|Any CPU
		Release|Any CPU = Release|Any CPU
	EndGlobalSection
	GlobalSection(ProjectConfigurationPlatforms) = postSolution
		{40E72CB1-0A5A-4DAC-8F80-3E1A0CA60375}.Debug|Any CPU.ActiveCfg = Debug|Any CPU
		{40E72CB1-0A5A-4DAC-8F80-3E1A0CA60375}.Debug|Any CPU.Build.0 = Debug|Any CPU
		{40E72CB1-0A5A-4DAC-8F80-3E1A0CA60375}.Release|Any CPU.ActiveCfg = Release|Any CPU
		{40E72CB1-0A5A-4DAC-8F80-3E1A0CA60375}.Release|Any CPU.Build.0 = Release|Any CPU
	EndGlobalSection
	GlobalSection(SolutionProperties) = preSolution
		HideSolutionNode = FALSE
	EndGlobalSection
	GlobalSection(ExtensibilityGlobals) = postSolution
		SolutionGuid = {65526845-A5C6-43D8-B7C2-68045B80F786}
	EndGlobalSection
EndGlobal
