
Microsoft Visual Studio Solution File, Format Version 12.00
# Visual Studio Version 16
VisualStudioVersion = 16.0.31321.278
MinimumVisualStudioVersion = 10.0.40219.1
Project("{FAE04EC0-301F-11D3-BF4B-00C04F79EFBC}") = "Metodos Abstratos", "Metodos Abstratos\Metodos Abstratos.csproj", "{2528A780-7BA1-4872-B3CF-008DBF096B53}"
EndProject
Global
	GlobalSection(SolutionConfigurationPlatforms) = preSolution
		Debug|Any CPU = Debug|Any CPU
		Release|Any CPU = Release|Any CPU
	EndGlobalSection
	GlobalSection(ProjectConfigurationPlatforms) = postSolution
		{2528A780-7BA1-4872-B3CF-008DBF096B53}.Debug|Any CPU.ActiveCfg = Debug|Any CPU
		{2528A780-7BA1-4872-B3CF-008DBF096B53}.Debug|Any CPU.Build.0 = Debug|Any CPU
		{2528A780-7BA1-4872-B3CF-008DBF096B53}.Release|Any CPU.ActiveCfg = Release|Any CPU
		{2528A780-7BA1-4872-B3CF-008DBF096B53}.Release|Any CPU.Build.0 = Release|Any CPU
	EndGlobalSection
	GlobalSection(SolutionProperties) = preSolution
		HideSolutionNode = FALSE
	EndGlobalSection
	GlobalSection(ExtensibilityGlobals) = postSolution
		SolutionGuid = {1ACE5E31-D47C-490D-A46D-4B339D118036}
	EndGlobalSection
EndGlobal
