
Microsoft Visual Studio Solution File, Format Version 12.00
# Visual Studio Version 16
VisualStudioVersion = 16.0.31321.278
MinimumVisualStudioVersion = 10.0.40219.1
Project("{FAE04EC0-301F-11D3-BF4B-00C04F79EFBC}") = "ExercicioExcecoes1", "ExercicioExcecoes1\ExercicioExcecoes1.csproj", "{2F903716-95B2-4504-8537-DD64DF8D3257}"
EndProject
Global
	GlobalSection(SolutionConfigurationPlatforms) = preSolution
		Debug|Any CPU = Debug|Any CPU
		Release|Any CPU = Release|Any CPU
	EndGlobalSection
	GlobalSection(ProjectConfigurationPlatforms) = postSolution
		{2F903716-95B2-4504-8537-DD64DF8D3257}.Debug|Any CPU.ActiveCfg = Debug|Any CPU
		{2F903716-95B2-4504-8537-DD64DF8D3257}.Debug|Any CPU.Build.0 = Debug|Any CPU
		{2F903716-95B2-4504-8537-DD64DF8D3257}.Release|Any CPU.ActiveCfg = Release|Any CPU
		{2F903716-95B2-4504-8537-DD64DF8D3257}.Release|Any CPU.Build.0 = Release|Any CPU
	EndGlobalSection
	GlobalSection(SolutionProperties) = preSolution
		HideSolutionNode = FALSE
	EndGlobalSection
	GlobalSection(ExtensibilityGlobals) = postSolution
		SolutionGuid = {4F645AD1-6506-4E95-AB99-FB78107053B8}
	EndGlobalSection
EndGlobal
