
Microsoft Visual Studio Solution File, Format Version 12.00
# Visual Studio Version 16
VisualStudioVersion = 16.0.31321.278
MinimumVisualStudioVersion = 10.0.40219.1
Project("{FAE04EC0-301F-11D3-BF4B-00C04F79EFBC}") = "Exercicio2MetodosAbstratos", "Exercicio2MetodosAbstratos\Exercicio2MetodosAbstratos.csproj", "{BF19D1D4-C9BA-4C3F-A277-E9EF72C5475E}"
EndProject
Global
	GlobalSection(SolutionConfigurationPlatforms) = preSolution
		Debug|Any CPU = Debug|Any CPU
		Release|Any CPU = Release|Any CPU
	EndGlobalSection
	GlobalSection(ProjectConfigurationPlatforms) = postSolution
		{BF19D1D4-C9BA-4C3F-A277-E9EF72C5475E}.Debug|Any CPU.ActiveCfg = Debug|Any CPU
		{BF19D1D4-C9BA-4C3F-A277-E9EF72C5475E}.Debug|Any CPU.Build.0 = Debug|Any CPU
		{BF19D1D4-C9BA-4C3F-A277-E9EF72C5475E}.Release|Any CPU.ActiveCfg = Release|Any CPU
		{BF19D1D4-C9BA-4C3F-A277-E9EF72C5475E}.Release|Any CPU.Build.0 = Release|Any CPU
	EndGlobalSection
	GlobalSection(SolutionProperties) = preSolution
		HideSolutionNode = FALSE
	EndGlobalSection
	GlobalSection(ExtensibilityGlobals) = postSolution
		SolutionGuid = {A4309FDE-624A-4709-BD9B-A12D1F8D08D0}
	EndGlobalSection
EndGlobal
